
Microsoft Visual Studio Solution File, Format Version 12.00
# Visual Studio Version 17
VisualStudioVersion = 17.5.33424.131
MinimumVisualStudioVersion = 10.0.40219.1
Project("{FAE04EC0-301F-11D3-BF4B-00C04F79EFBC}") = "FusionDemo.Android", "FusionDemo\FusionDemo.Android\FusionDemo.Android.csproj", "{1A50584C-B313-4FFC-A7CE-8B8B71065EF7}"
EndProject
Project("{FAE04EC0-301F-11D3-BF4B-00C04F79EFBC}") = "FusionDemo", "FusionDemo\FusionDemo\FusionDemo.csproj", "{B6DA3F99-0E62-464D-A8C8-51DE5063BAD4}"
EndProject
Global
	GlobalSection(SolutionConfigurationPlatforms) = preSolution
		Debug|Any CPU = Debug|Any CPU
		Release|Any CPU = Release|Any CPU
	EndGlobalSection
	GlobalSection(ProjectConfigurationPlatforms) = postSolution
		{1A50584C-B313-4FFC-A7CE-8B8B71065EF7}.Debug|Any CPU.ActiveCfg = Debug|Any CPU
		{1A50584C-B313-4FFC-A7CE-8B8B71065EF7}.Debug|Any CPU.Build.0 = Debug|Any CPU
		{1A50584C-B313-4FFC-A7CE-8B8B71065EF7}.Debug|Any CPU.Deploy.0 = Debug|Any CPU
		{1A50584C-B313-4FFC-A7CE-8B8B71065EF7}.Release|Any CPU.ActiveCfg = Release|Any CPU
		{1A50584C-B313-4FFC-A7CE-8B8B71065EF7}.Release|Any CPU.Build.0 = Release|Any CPU
		{1A50584C-B313-4FFC-A7CE-8B8B71065EF7}.Release|Any CPU.Deploy.0 = Release|Any CPU
		{B6DA3F99-0E62-464D-A8C8-51DE5063BAD4}.Debug|Any CPU.ActiveCfg = Debug|Any CPU
		{B6DA3F99-0E62-464D-A8C8-51DE5063BAD4}.Debug|Any CPU.Build.0 = Debug|Any CPU
		{B6DA3F99-0E62-464D-A8C8-51DE5063BAD4}.Debug|Any CPU.Deploy.0 = Debug|Any CPU
		{B6DA3F99-0E62-464D-A8C8-51DE5063BAD4}.Release|Any CPU.ActiveCfg = Release|Any CPU
		{B6DA3F99-0E62-464D-A8C8-51DE5063BAD4}.Release|Any CPU.Build.0 = Release|Any CPU
		{B6DA3F99-0E62-464D-A8C8-51DE5063BAD4}.Release|Any CPU.Deploy.0 = Release|Any CPU
	EndGlobalSection
	GlobalSection(SolutionProperties) = preSolution
		HideSolutionNode = FALSE
	EndGlobalSection
	GlobalSection(ExtensibilityGlobals) = postSolution
		SolutionGuid = {14E69A1D-8D7C-4C9F-9AEB-8C5BA9481CC8}
	EndGlobalSection
EndGlobal
